
Microsoft Visual Studio Solution File, Format Version 12.00
# Visual Studio 15
VisualStudioVersion = 15.0.27004.2010
MinimumVisualStudioVersion = 10.0.40219.1
Project("{F184B08F-C81C-45F6-A57F-5ABD9991F28F}") = "BIZ", "ClassLibrary1\BIZ.vbproj", "{46638B9A-CFF4-4C93-B1DD-FB75FBB5DBDB}"
EndProject
Project("{F184B08F-C81C-45F6-A57F-5ABD9991F28F}") = "BLL", "BLL\BLL.vbproj", "{79D73B18-D130-45D7-80FD-298494FC18F4}"
EndProject
Project("{F184B08F-C81C-45F6-A57F-5ABD9991F28F}") = "DAL", "DAL\DAL.vbproj", "{77F42770-5A8B-436E-950C-339FC6ED9235}"
EndProject
Project("{F184B08F-C81C-45F6-A57F-5ABD9991F28F}") = "SL", "SL\SL.vbproj", "{4B5F2AD7-A212-4E37-99FC-A2A284AEF7C9}"
EndProject
Project("{F184B08F-C81C-45F6-A57F-5ABD9991F28F}") = "GUI", "GUI\GUI.vbproj", "{1DD22A88-FA36-4C3C-872B-1EFA9BE4AE3B}"
EndProject
Global
	GlobalSection(SolutionConfigurationPlatforms) = preSolution
		CD_ROM|Any CPU = CD_ROM|Any CPU
		Debug|Any CPU = Debug|Any CPU
		DVD-5|Any CPU = DVD-5|Any CPU
		Release|Any CPU = Release|Any CPU
		SingleImage|Any CPU = SingleImage|Any CPU
	EndGlobalSection
	GlobalSection(ProjectConfigurationPlatforms) = postSolution
		{46638B9A-CFF4-4C93-B1DD-FB75FBB5DBDB}.CD_ROM|Any CPU.ActiveCfg = Release|Any CPU
		{46638B9A-CFF4-4C93-B1DD-FB75FBB5DBDB}.CD_ROM|Any CPU.Build.0 = Release|Any CPU
		{46638B9A-CFF4-4C93-B1DD-FB75FBB5DBDB}.Debug|Any CPU.ActiveCfg = Debug|Any CPU
		{46638B9A-CFF4-4C93-B1DD-FB75FBB5DBDB}.Debug|Any CPU.Build.0 = Debug|Any CPU
		{46638B9A-CFF4-4C93-B1DD-FB75FBB5DBDB}.DVD-5|Any CPU.ActiveCfg = Debug|Any CPU
		{46638B9A-CFF4-4C93-B1DD-FB75FBB5DBDB}.DVD-5|Any CPU.Build.0 = Debug|Any CPU
		{46638B9A-CFF4-4C93-B1DD-FB75FBB5DBDB}.Release|Any CPU.ActiveCfg = Release|Any CPU
		{46638B9A-CFF4-4C93-B1DD-FB75FBB5DBDB}.Release|Any CPU.Build.0 = Release|Any CPU
		{46638B9A-CFF4-4C93-B1DD-FB75FBB5DBDB}.SingleImage|Any CPU.ActiveCfg = Release|Any CPU
		{46638B9A-CFF4-4C93-B1DD-FB75FBB5DBDB}.SingleImage|Any CPU.Build.0 = Release|Any CPU
		{79D73B18-D130-45D7-80FD-298494FC18F4}.CD_ROM|Any CPU.ActiveCfg = Release|Any CPU
		{79D73B18-D130-45D7-80FD-298494FC18F4}.CD_ROM|Any CPU.Build.0 = Release|Any CPU
		{79D73B18-D130-45D7-80FD-298494FC18F4}.Debug|Any CPU.ActiveCfg = Debug|Any CPU
		{79D73B18-D130-45D7-80FD-298494FC18F4}.Debug|Any CPU.Build.0 = Debug|Any CPU
		{79D73B18-D130-45D7-80FD-298494FC18F4}.DVD-5|Any CPU.ActiveCfg = Debug|Any CPU
		{79D73B18-D130-45D7-80FD-298494FC18F4}.DVD-5|Any CPU.Build.0 = Debug|Any CPU
		{79D73B18-D130-45D7-80FD-298494FC18F4}.Release|Any CPU.ActiveCfg = Release|Any CPU
		{79D73B18-D130-45D7-80FD-298494FC18F4}.Release|Any CPU.Build.0 = Release|Any CPU
		{79D73B18-D130-45D7-80FD-298494FC18F4}.SingleImage|Any CPU.ActiveCfg = Release|Any CPU
		{79D73B18-D130-45D7-80FD-298494FC18F4}.SingleImage|Any CPU.Build.0 = Release|Any CPU
		{77F42770-5A8B-436E-950C-339FC6ED9235}.CD_ROM|Any CPU.ActiveCfg = Release|Any CPU
		{77F42770-5A8B-436E-950C-339FC6ED9235}.CD_ROM|Any CPU.Build.0 = Release|Any CPU
		{77F42770-5A8B-436E-950C-339FC6ED9235}.Debug|Any CPU.ActiveCfg = Debug|Any CPU
		{77F42770-5A8B-436E-950C-339FC6ED9235}.Debug|Any CPU.Build.0 = Debug|Any CPU
		{77F42770-5A8B-436E-950C-339FC6ED9235}.DVD-5|Any CPU.ActiveCfg = Debug|Any CPU
		{77F42770-5A8B-436E-950C-339FC6ED9235}.DVD-5|Any CPU.Build.0 = Debug|Any CPU
		{77F42770-5A8B-436E-950C-339FC6ED9235}.Release|Any CPU.ActiveCfg = Release|Any CPU
		{77F42770-5A8B-436E-950C-339FC6ED9235}.Release|Any CPU.Build.0 = Release|Any CPU
		{77F42770-5A8B-436E-950C-339FC6ED9235}.SingleImage|Any CPU.ActiveCfg = Release|Any CPU
		{77F42770-5A8B-436E-950C-339FC6ED9235}.SingleImage|Any CPU.Build.0 = Release|Any CPU
		{4B5F2AD7-A212-4E37-99FC-A2A284AEF7C9}.CD_ROM|Any CPU.ActiveCfg = Release|Any CPU
		{4B5F2AD7-A212-4E37-99FC-A2A284AEF7C9}.CD_ROM|Any CPU.Build.0 = Release|Any CPU
		{4B5F2AD7-A212-4E37-99FC-A2A284AEF7C9}.Debug|Any CPU.ActiveCfg = Debug|Any CPU
		{4B5F2AD7-A212-4E37-99FC-A2A284AEF7C9}.Debug|Any CPU.Build.0 = Debug|Any CPU
		{4B5F2AD7-A212-4E37-99FC-A2A284AEF7C9}.DVD-5|Any CPU.ActiveCfg = Debug|Any CPU
		{4B5F2AD7-A212-4E37-99FC-A2A284AEF7C9}.DVD-5|Any CPU.Build.0 = Debug|Any CPU
		{4B5F2AD7-A212-4E37-99FC-A2A284AEF7C9}.Release|Any CPU.ActiveCfg = Release|Any CPU
		{4B5F2AD7-A212-4E37-99FC-A2A284AEF7C9}.Release|Any CPU.Build.0 = Release|Any CPU
		{4B5F2AD7-A212-4E37-99FC-A2A284AEF7C9}.SingleImage|Any CPU.ActiveCfg = Release|Any CPU
		{4B5F2AD7-A212-4E37-99FC-A2A284AEF7C9}.SingleImage|Any CPU.Build.0 = Release|Any CPU
		{1DD22A88-FA36-4C3C-872B-1EFA9BE4AE3B}.CD_ROM|Any CPU.ActiveCfg = Release|Any CPU
		{1DD22A88-FA36-4C3C-872B-1EFA9BE4AE3B}.CD_ROM|Any CPU.Build.0 = Release|Any CPU
		{1DD22A88-FA36-4C3C-872B-1EFA9BE4AE3B}.Debug|Any CPU.ActiveCfg = Debug|Any CPU
		{1DD22A88-FA36-4C3C-872B-1EFA9BE4AE3B}.Debug|Any CPU.Build.0 = Debug|Any CPU
		{1DD22A88-FA36-4C3C-872B-1EFA9BE4AE3B}.DVD-5|Any CPU.ActiveCfg = Debug|Any CPU
		{1DD22A88-FA36-4C3C-872B-1EFA9BE4AE3B}.DVD-5|Any CPU.Build.0 = Debug|Any CPU
		{1DD22A88-FA36-4C3C-872B-1EFA9BE4AE3B}.Release|Any CPU.ActiveCfg = Release|Any CPU
		{1DD22A88-FA36-4C3C-872B-1EFA9BE4AE3B}.Release|Any CPU.Build.0 = Release|Any CPU
		{1DD22A88-FA36-4C3C-872B-1EFA9BE4AE3B}.SingleImage|Any CPU.ActiveCfg = Release|Any CPU
		{1DD22A88-FA36-4C3C-872B-1EFA9BE4AE3B}.SingleImage|Any CPU.Build.0 = Release|Any CPU
	EndGlobalSection
	GlobalSection(SolutionProperties) = preSolution
		HideSolutionNode = FALSE
	EndGlobalSection
	GlobalSection(ExtensibilityGlobals) = postSolution
		SolutionGuid = {E2207666-7F5D-4A63-9412-087229E8B278}
	EndGlobalSection
EndGlobal
